
Microsoft Visual Studio Solution File, Format Version 12.00
# Visual Studio 14
VisualStudioVersion = 14.0.25420.1
MinimumVisualStudioVersion = 10.0.40219.1
Project("{FAE04EC0-301F-11D3-BF4B-00C04F79EFBC}") = "DotJEM.Web.Host", "DotJEM.Web.Host\DotJEM.Web.Host.csproj", "{D7393445-A4C4-4BB4-BB9F-89A6B631E970}"
EndProject
Project("{2150E333-8FDC-42A3-9474-1A3956D46DE8}") = ".nuget", ".nuget", "{386F4C38-46EE-4784-B00E-E7E3699FFD8B}"
	ProjectSection(SolutionItems) = preProject
		.nuget\NuGet.Config = .nuget\NuGet.Config
		.nuget\NuGet.exe = .nuget\NuGet.exe
		.nuget\NuGet.targets = .nuget\NuGet.targets
	EndProjectSection
EndProject
Project("{FAE04EC0-301F-11D3-BF4B-00C04F79EFBC}") = "DotJEM.Web.Host.Test", "DotJEM.Web.Host.Test\DotJEM.Web.Host.Test.csproj", "{974BDF74-F005-46A6-9900-28FC32B01399}"
EndProject
Project("{2150E333-8FDC-42A3-9474-1A3956D46DE8}") = "Solution Items", "Solution Items", "{7D397F59-11F9-4AC3-A55F-B86225F01E7A}"
	ProjectSection(SolutionItems) = preProject
		appveyor.yml = appveyor.yml
	EndProjectSection
EndProject
Project("{2150E333-8FDC-42A3-9474-1A3956D46DE8}") = "DemoApp", "DemoApp", "{0FDFB75E-429D-4A69-B490-A6737DCEE149}"
EndProject
Project("{FAE04EC0-301F-11D3-BF4B-00C04F79EFBC}") = "Demo.Server", "DemoApp\Demo.Server\Demo.Server.csproj", "{BDF82C33-34E6-4D38-9FE9-FF9062D287D1}"
EndProject
Global
	GlobalSection(SolutionConfigurationPlatforms) = preSolution
		Debug|Any CPU = Debug|Any CPU
		Release|Any CPU = Release|Any CPU
	EndGlobalSection
	GlobalSection(ProjectConfigurationPlatforms) = postSolution
		{D7393445-A4C4-4BB4-BB9F-89A6B631E970}.Debug|Any CPU.ActiveCfg = Debug|Any CPU
		{D7393445-A4C4-4BB4-BB9F-89A6B631E970}.Debug|Any CPU.Build.0 = Debug|Any CPU
		{D7393445-A4C4-4BB4-BB9F-89A6B631E970}.Release|Any CPU.ActiveCfg = Release|Any CPU
		{D7393445-A4C4-4BB4-BB9F-89A6B631E970}.Release|Any CPU.Build.0 = Release|Any CPU
		{974BDF74-F005-46A6-9900-28FC32B01399}.Debug|Any CPU.ActiveCfg = Debug|Any CPU
		{974BDF74-F005-46A6-9900-28FC32B01399}.Debug|Any CPU.Build.0 = Debug|Any CPU
		{974BDF74-F005-46A6-9900-28FC32B01399}.Release|Any CPU.ActiveCfg = Release|Any CPU
		{974BDF74-F005-46A6-9900-28FC32B01399}.Release|Any CPU.Build.0 = Release|Any CPU
		{BDF82C33-34E6-4D38-9FE9-FF9062D287D1}.Debug|Any CPU.ActiveCfg = Debug|Any CPU
		{BDF82C33-34E6-4D38-9FE9-FF9062D287D1}.Debug|Any CPU.Build.0 = Debug|Any CPU
		{BDF82C33-34E6-4D38-9FE9-FF9062D287D1}.Release|Any CPU.ActiveCfg = Release|Any CPU
		{BDF82C33-34E6-4D38-9FE9-FF9062D287D1}.Release|Any CPU.Build.0 = Release|Any CPU
	EndGlobalSection
	GlobalSection(SolutionProperties) = preSolution
		HideSolutionNode = FALSE
	EndGlobalSection
	GlobalSection(NestedProjects) = preSolution
		{BDF82C33-34E6-4D38-9FE9-FF9062D287D1} = {0FDFB75E-429D-4A69-B490-A6737DCEE149}
	EndGlobalSection
EndGlobal
