
Microsoft Visual Studio Solution File, Format Version 12.00
# Visual Studio Version 17
VisualStudioVersion = 17.4.33110.190
MinimumVisualStudioVersion = 10.0.40219.1
Project("{FAE04EC0-301F-11D3-BF4B-00C04F79EFBC}") = "DotJEM.Web.Host", "DotJEM.Web.Host\DotJEM.Web.Host.csproj", "{CEC3BF95-FDFF-4FE7-9866-E46C42497152}"
EndProject
Project("{FAE04EC0-301F-11D3-BF4B-00C04F79EFBC}") = "Demo", "Demo\Demo.csproj", "{BE27AAA9-6A71-4670-B839-1E929AFEF596}"
EndProject
Project("{FAE04EC0-301F-11D3-BF4B-00C04F79EFBC}") = "DotJEM.Web.Host.Test", "DotJEM.Web.Host.Test\DotJEM.Web.Host.Test.csproj", "{61A60EF0-7627-496A-98D2-D12C24008FB5}"
EndProject
Project("{2150E333-8FDC-42A3-9474-1A3956D46DE8}") = "Solution Items", "Solution Items", "{AE030F6E-A297-43E2-92C6-5D5AD898C8AC}"
	ProjectSection(SolutionItems) = preProject
		..\.gitattributes = ..\.gitattributes
		..\.gitignore = ..\.gitignore
		..\appveyor.yml = ..\appveyor.yml
		..\LICENSE = ..\LICENSE
		..\README.md = ..\README.md
	EndProjectSection
EndProject
Global
	GlobalSection(SolutionConfigurationPlatforms) = preSolution
		Debug|Any CPU = Debug|Any CPU
		Release|Any CPU = Release|Any CPU
	EndGlobalSection
	GlobalSection(ProjectConfigurationPlatforms) = postSolution
		{CEC3BF95-FDFF-4FE7-9866-E46C42497152}.Debug|Any CPU.ActiveCfg = Debug|Any CPU
		{CEC3BF95-FDFF-4FE7-9866-E46C42497152}.Debug|Any CPU.Build.0 = Debug|Any CPU
		{CEC3BF95-FDFF-4FE7-9866-E46C42497152}.Release|Any CPU.ActiveCfg = Release|Any CPU
		{CEC3BF95-FDFF-4FE7-9866-E46C42497152}.Release|Any CPU.Build.0 = Release|Any CPU
		{BE27AAA9-6A71-4670-B839-1E929AFEF596}.Debug|Any CPU.ActiveCfg = Debug|Any CPU
		{BE27AAA9-6A71-4670-B839-1E929AFEF596}.Debug|Any CPU.Build.0 = Debug|Any CPU
		{BE27AAA9-6A71-4670-B839-1E929AFEF596}.Release|Any CPU.ActiveCfg = Release|Any CPU
		{BE27AAA9-6A71-4670-B839-1E929AFEF596}.Release|Any CPU.Build.0 = Release|Any CPU
		{61A60EF0-7627-496A-98D2-D12C24008FB5}.Debug|Any CPU.ActiveCfg = Debug|Any CPU
		{61A60EF0-7627-496A-98D2-D12C24008FB5}.Debug|Any CPU.Build.0 = Debug|Any CPU
		{61A60EF0-7627-496A-98D2-D12C24008FB5}.Release|Any CPU.ActiveCfg = Release|Any CPU
		{61A60EF0-7627-496A-98D2-D12C24008FB5}.Release|Any CPU.Build.0 = Release|Any CPU
	EndGlobalSection
	GlobalSection(SolutionProperties) = preSolution
		HideSolutionNode = FALSE
	EndGlobalSection
	GlobalSection(ExtensibilityGlobals) = postSolution
		SolutionGuid = {B59B347C-EA7C-45BF-B22F-C1E2AC52D096}
	EndGlobalSection
EndGlobal
