
Microsoft Visual Studio Solution File, Format Version 12.00
# Visual Studio Version 16
VisualStudioVersion = 16.0.28729.10
MinimumVisualStudioVersion = 10.0.40219.1
Project("{9A19103F-16F7-4668-BE54-9A1E7A4F7556}") = "DotJEM.Web.Host", "DotJEM.Web.Host\DotJEM.Web.Host.csproj", "{684025C2-2C03-4040-BD9E-EE49E93700C0}"
EndProject
Project("{FAE04EC0-301F-11D3-BF4B-00C04F79EFBC}") = "DotJEM.Web.Host.Test", "DotJEM.Web.Host.Test\DotJEM.Web.Host.Test.csproj", "{B3C553DD-780F-40FA-85D7-9650680DF7FB}"
EndProject
Global
	GlobalSection(SolutionConfigurationPlatforms) = preSolution
		Debug|Any CPU = Debug|Any CPU
		Release|Any CPU = Release|Any CPU
	EndGlobalSection
	GlobalSection(ProjectConfigurationPlatforms) = postSolution
		{684025C2-2C03-4040-BD9E-EE49E93700C0}.Debug|Any CPU.ActiveCfg = Debug|Any CPU
		{684025C2-2C03-4040-BD9E-EE49E93700C0}.Debug|Any CPU.Build.0 = Debug|Any CPU
		{684025C2-2C03-4040-BD9E-EE49E93700C0}.Release|Any CPU.ActiveCfg = Release|Any CPU
		{684025C2-2C03-4040-BD9E-EE49E93700C0}.Release|Any CPU.Build.0 = Release|Any CPU
		{B3C553DD-780F-40FA-85D7-9650680DF7FB}.Debug|Any CPU.ActiveCfg = Debug|Any CPU
		{B3C553DD-780F-40FA-85D7-9650680DF7FB}.Debug|Any CPU.Build.0 = Debug|Any CPU
		{B3C553DD-780F-40FA-85D7-9650680DF7FB}.Release|Any CPU.ActiveCfg = Release|Any CPU
		{B3C553DD-780F-40FA-85D7-9650680DF7FB}.Release|Any CPU.Build.0 = Release|Any CPU
	EndGlobalSection
	GlobalSection(SolutionProperties) = preSolution
		HideSolutionNode = FALSE
	EndGlobalSection
	GlobalSection(ExtensibilityGlobals) = postSolution
		SolutionGuid = {B993FF6C-BCCF-47C0-8E17-0094E402940A}
	EndGlobalSection
EndGlobal
